// !$*UTF8*$!
{
	archiveVersion = 1;
	classes = {
	};
	objectVersion = 50;
	objects = {

/* Begin PBXBuildFile section */
		B8F426C26548C49C3D131C7C /* Pods_Suup.framework in Frameworks */ = {isa = PBXBuildFile; fileRef = 5CD6832CE4F7758C35689697 /* Pods_Suup.framework */; };
		D01CE3BD20C01465001F7AC4 /* LoginViewController.swift in Sources */ = {isa = PBXBuildFile; fileRef = D01CE3BC20C01465001F7AC4 /* LoginViewController.swift */; };
		D0381C2B20F7436100BBB21B /* AudioRecord.swift in Sources */ = {isa = PBXBuildFile; fileRef = D0381C2A20F7436100BBB21B /* AudioRecord.swift */; };
		D04F35B220B672230055617D /* AppDelegate.swift in Sources */ = {isa = PBXBuildFile; fileRef = D04F35B120B672230055617D /* AppDelegate.swift */; };
		D04F35B720B672230055617D /* Main.storyboard in Resources */ = {isa = PBXBuildFile; fileRef = D04F35B520B672230055617D /* Main.storyboard */; };
		D04F35B920B672260055617D /* Assets.xcassets in Resources */ = {isa = PBXBuildFile; fileRef = D04F35B820B672260055617D /* Assets.xcassets */; };
		D04F35BC20B672260055617D /* LaunchScreen.storyboard in Resources */ = {isa = PBXBuildFile; fileRef = D04F35BA20B672260055617D /* LaunchScreen.storyboard */; };
		D05F716A20B6E4B900A22E59 /* GoogleService-Info.plist in Resources */ = {isa = PBXBuildFile; fileRef = D05F716920B6E4B900A22E59 /* GoogleService-Info.plist */; };
		D05F717A20B6EB6A00A22E59 /* VerificationViewController.swift in Sources */ = {isa = PBXBuildFile; fileRef = D05F717920B6EB6A00A22E59 /* VerificationViewController.swift */; };
		D05F717C20B6EB7C00A22E59 /* PhoneAuthViewController.swift in Sources */ = {isa = PBXBuildFile; fileRef = D05F717B20B6EB7C00A22E59 /* PhoneAuthViewController.swift */; };
		D05F718020B7116900A22E59 /* StartViewController.swift in Sources */ = {isa = PBXBuildFile; fileRef = D05F717F20B7116900A22E59 /* StartViewController.swift */; };
		D05F718220B7142200A22E59 /* ChatViewController.swift in Sources */ = {isa = PBXBuildFile; fileRef = D05F718120B7142200A22E59 /* ChatViewController.swift */; };
		D069D1EF20F9ECCE00641C51 /* Contact.swift in Sources */ = {isa = PBXBuildFile; fileRef = D069D1EE20F9ECCE00641C51 /* Contact.swift */; };
		D06FB21A20C41E5F00C9F204 /* CustomMessageCell.swift in Sources */ = {isa = PBXBuildFile; fileRef = D06FB21820C41E5F00C9F204 /* CustomMessageCell.swift */; };
		D06FB21B20C41E5F00C9F204 /* CustomMessageCell.xib in Resources */ = {isa = PBXBuildFile; fileRef = D06FB21920C41E5F00C9F204 /* CustomMessageCell.xib */; };
		D06FB21D20C5935400C9F204 /* Message.swift in Sources */ = {isa = PBXBuildFile; fileRef = D06FB21C20C5935400C9F204 /* Message.swift */; };
		D0AD0BE520C2BDB300E35427 /* ProfileViewController.swift in Sources */ = {isa = PBXBuildFile; fileRef = D0AD0BE420C2BDB300E35427 /* ProfileViewController.swift */; };
		D0B6BB8320D88F83001A74C4 /* ChatMessageCell.swift in Sources */ = {isa = PBXBuildFile; fileRef = D0B6BB8220D88F83001A74C4 /* ChatMessageCell.swift */; };
		D0D1636320CED7F7008E81B0 /* Users.swift in Sources */ = {isa = PBXBuildFile; fileRef = D0D1636220CED7F7008E81B0 /* Users.swift */; };
		D0D1636520CFE2F1008E81B0 /* NewMessageViewController.swift in Sources */ = {isa = PBXBuildFile; fileRef = D0D1636420CFE2F1008E81B0 /* NewMessageViewController.swift */; };
		D0D1636820D25A1D008E81B0 /* Extension.swift in Sources */ = {isa = PBXBuildFile; fileRef = D0D1636720D25A1D008E81B0 /* Extension.swift */; };
		D0D1636A20D3A02A008E81B0 /* ChatLogController.swift in Sources */ = {isa = PBXBuildFile; fileRef = D0D1636920D3A02A008E81B0 /* ChatLogController.swift */; };
		D0D3FEF720D4D75E00995147 /* UserCell.swift in Sources */ = {isa = PBXBuildFile; fileRef = D0D3FEF620D4D75E00995147 /* UserCell.swift */; };
		D0FB1FCF20CEC4230092C92A /* MessageController.swift in Sources */ = {isa = PBXBuildFile; fileRef = D0FB1FCE20CEC4230092C92A /* MessageController.swift */; };
/* End PBXBuildFile section */

/* Begin PBXFileReference section */
		560040190D46E8F25CA67C76 /* Pods-Suup.debug.xcconfig */ = {isa = PBXFileReference; includeInIndex = 1; lastKnownFileType = text.xcconfig; name = "Pods-Suup.debug.xcconfig"; path = "Pods/Target Support Files/Pods-Suup/Pods-Suup.debug.xcconfig"; sourceTree = "<group>"; };
		5CD6832CE4F7758C35689697 /* Pods_Suup.framework */ = {isa = PBXFileReference; explicitFileType = wrapper.framework; includeInIndex = 0; path = Pods_Suup.framework; sourceTree = BUILT_PRODUCTS_DIR; };
		842795693ABD87C851D49E7F /* Pods-Suup.release.xcconfig */ = {isa = PBXFileReference; includeInIndex = 1; lastKnownFileType = text.xcconfig; name = "Pods-Suup.release.xcconfig"; path = "Pods/Target Support Files/Pods-Suup/Pods-Suup.release.xcconfig"; sourceTree = "<group>"; };
		D01CE3BB20BFDD2E001F7AC4 /* Suup.entitlements */ = {isa = PBXFileReference; lastKnownFileType = text.plist.entitlements; path = Suup.entitlements; sourceTree = "<group>"; };
		D01CE3BC20C01465001F7AC4 /* LoginViewController.swift */ = {isa = PBXFileReference; lastKnownFileType = sourcecode.swift; path = LoginViewController.swift; sourceTree = "<group>"; };
		D0381C2A20F7436100BBB21B /* AudioRecord.swift */ = {isa = PBXFileReference; lastKnownFileType = sourcecode.swift; path = AudioRecord.swift; sourceTree = "<group>"; };
		D04F35AE20B672230055617D /* Suup.app */ = {isa = PBXFileReference; explicitFileType = wrapper.application; includeInIndex = 0; path = Suup.app; sourceTree = BUILT_PRODUCTS_DIR; };
		D04F35B120B672230055617D /* AppDelegate.swift */ = {isa = PBXFileReference; lastKnownFileType = sourcecode.swift; path = AppDelegate.swift; sourceTree = "<group>"; };
		D04F35B620B672230055617D /* Base */ = {isa = PBXFileReference; lastKnownFileType = file.storyboard; name = Base; path = Base.lproj/Main.storyboard; sourceTree = "<group>"; };
		D04F35B820B672260055617D /* Assets.xcassets */ = {isa = PBXFileReference; lastKnownFileType = folder.assetcatalog; path = Assets.xcassets; sourceTree = "<group>"; };
		D04F35BB20B672260055617D /* Base */ = {isa = PBXFileReference; lastKnownFileType = file.storyboard; name = Base; path = Base.lproj/LaunchScreen.storyboard; sourceTree = "<group>"; };
		D04F35BD20B672260055617D /* Info.plist */ = {isa = PBXFileReference; lastKnownFileType = text.plist.xml; path = Info.plist; sourceTree = "<group>"; };
		D05F716920B6E4B900A22E59 /* GoogleService-Info.plist */ = {isa = PBXFileReference; fileEncoding = 4; lastKnownFileType = text.plist.xml; path = "GoogleService-Info.plist"; sourceTree = "<group>"; };
		D05F717920B6EB6A00A22E59 /* VerificationViewController.swift */ = {isa = PBXFileReference; lastKnownFileType = sourcecode.swift; path = VerificationViewController.swift; sourceTree = "<group>"; };
		D05F717B20B6EB7C00A22E59 /* PhoneAuthViewController.swift */ = {isa = PBXFileReference; lastKnownFileType = sourcecode.swift; path = PhoneAuthViewController.swift; sourceTree = "<group>"; };
		D05F717F20B7116900A22E59 /* StartViewController.swift */ = {isa = PBXFileReference; lastKnownFileType = sourcecode.swift; path = StartViewController.swift; sourceTree = "<group>"; };
		D05F718120B7142200A22E59 /* ChatViewController.swift */ = {isa = PBXFileReference; lastKnownFileType = sourcecode.swift; path = ChatViewController.swift; sourceTree = "<group>"; };
		D069D1EE20F9ECCE00641C51 /* Contact.swift */ = {isa = PBXFileReference; lastKnownFileType = sourcecode.swift; path = Contact.swift; sourceTree = "<group>"; };
		D06FB21820C41E5F00C9F204 /* CustomMessageCell.swift */ = {isa = PBXFileReference; lastKnownFileType = sourcecode.swift; path = CustomMessageCell.swift; sourceTree = "<group>"; };
		D06FB21920C41E5F00C9F204 /* CustomMessageCell.xib */ = {isa = PBXFileReference; lastKnownFileType = file.xib; path = CustomMessageCell.xib; sourceTree = "<group>"; };
		D06FB21C20C5935400C9F204 /* Message.swift */ = {isa = PBXFileReference; lastKnownFileType = sourcecode.swift; path = Message.swift; sourceTree = "<group>"; };
		D0AD0BE420C2BDB300E35427 /* ProfileViewController.swift */ = {isa = PBXFileReference; lastKnownFileType = sourcecode.swift; path = ProfileViewController.swift; sourceTree = "<group>"; };
		D0B6BB8220D88F83001A74C4 /* ChatMessageCell.swift */ = {isa = PBXFileReference; lastKnownFileType = sourcecode.swift; path = ChatMessageCell.swift; sourceTree = "<group>"; };
		D0D1636220CED7F7008E81B0 /* Users.swift */ = {isa = PBXFileReference; lastKnownFileType = sourcecode.swift; path = Users.swift; sourceTree = "<group>"; };
		D0D1636420CFE2F1008E81B0 /* NewMessageViewController.swift */ = {isa = PBXFileReference; lastKnownFileType = sourcecode.swift; path = NewMessageViewController.swift; sourceTree = "<group>"; };
		D0D1636720D25A1D008E81B0 /* Extension.swift */ = {isa = PBXFileReference; lastKnownFileType = sourcecode.swift; path = Extension.swift; sourceTree = "<group>"; };
		D0D1636920D3A02A008E81B0 /* ChatLogController.swift */ = {isa = PBXFileReference; lastKnownFileType = sourcecode.swift; path = ChatLogController.swift; sourceTree = "<group>"; };
		D0D3FEF620D4D75E00995147 /* UserCell.swift */ = {isa = PBXFileReference; lastKnownFileType = sourcecode.swift; path = UserCell.swift; sourceTree = "<group>"; };
		D0FB1FCE20CEC4230092C92A /* MessageController.swift */ = {isa = PBXFileReference; lastKnownFileType = sourcecode.swift; path = MessageController.swift; sourceTree = "<group>"; };
/* End PBXFileReference section */

/* Begin PBXFrameworksBuildPhase section */
		D04F35AB20B672230055617D /* Frameworks */ = {
			isa = PBXFrameworksBuildPhase;
			buildActionMask = 2147483647;
			files = (
				B8F426C26548C49C3D131C7C /* Pods_Suup.framework in Frameworks */,
			);
			runOnlyForDeploymentPostprocessing = 0;
		};
/* End PBXFrameworksBuildPhase section */

/* Begin PBXGroup section */
		0B7076DD86F9A84F1973A6F3 /* Frameworks */ = {
			isa = PBXGroup;
			children = (
				5CD6832CE4F7758C35689697 /* Pods_Suup.framework */,
			);
			name = Frameworks;
			sourceTree = "<group>";
		};
		D04F35A520B672230055617D = {
			isa = PBXGroup;
			children = (
				D04F35B020B672230055617D /* Suup */,
				D04F35AF20B672230055617D /* Products */,
				FBE7FDBD7A0A6E64A2C7C4CE /* Pods */,
				0B7076DD86F9A84F1973A6F3 /* Frameworks */,
			);
			sourceTree = "<group>";
		};
		D04F35AF20B672230055617D /* Products */ = {
			isa = PBXGroup;
			children = (
				D04F35AE20B672230055617D /* Suup.app */,
			);
			name = Products;
			sourceTree = "<group>";
		};
		D04F35B020B672230055617D /* Suup */ = {
			isa = PBXGroup;
			children = (
				D0D3FEF520D4D72200995147 /* Layout */,
				D0D1636620D25A09008E81B0 /* Addition */,
				D01CE3BB20BFDD2E001F7AC4 /* Suup.entitlements */,
				D05F716E20B6EA2B00A22E59 /* Model */,
				D05F716C20B6E9BE00A22E59 /* View */,
				D05F716B20B6E99300A22E59 /* Controller */,
				D04F35B820B672260055617D /* Assets.xcassets */,
				D04F35BD20B672260055617D /* Info.plist */,
				D05F716920B6E4B900A22E59 /* GoogleService-Info.plist */,
			);
			path = Suup;
			sourceTree = "<group>";
		};
		D05F716B20B6E99300A22E59 /* Controller */ = {
			isa = PBXGroup;
			children = (
				D04F35B120B672230055617D /* AppDelegate.swift */,
				D05F717F20B7116900A22E59 /* StartViewController.swift */,
				D05F717B20B6EB7C00A22E59 /* PhoneAuthViewController.swift */,
				D05F717920B6EB6A00A22E59 /* VerificationViewController.swift */,
				D01CE3BC20C01465001F7AC4 /* LoginViewController.swift */,
				D0AD0BE420C2BDB300E35427 /* ProfileViewController.swift */,
				D0FB1FCE20CEC4230092C92A /* MessageController.swift */,
				D0D1636420CFE2F1008E81B0 /* NewMessageViewController.swift */,
				D0D1636920D3A02A008E81B0 /* ChatLogController.swift */,
				D05F718120B7142200A22E59 /* ChatViewController.swift */,
				D0381C2A20F7436100BBB21B /* AudioRecord.swift */,
			);
			path = Controller;
			sourceTree = "<group>";
		};
		D05F716C20B6E9BE00A22E59 /* View */ = {
			isa = PBXGroup;
			children = (
				D05F716D20B6E9D800A22E59 /* Custom Cell */,
				D04F35B520B672230055617D /* Main.storyboard */,
				D04F35BA20B672260055617D /* LaunchScreen.storyboard */,
			);
			path = View;
			sourceTree = "<group>";
		};
		D05F716D20B6E9D800A22E59 /* Custom Cell */ = {
			isa = PBXGroup;
			children = (
				D06FB21820C41E5F00C9F204 /* CustomMessageCell.swift */,
				D06FB21920C41E5F00C9F204 /* CustomMessageCell.xib */,
			);
			path = "Custom Cell";
			sourceTree = "<group>";
		};
		D05F716E20B6EA2B00A22E59 /* Model */ = {
			isa = PBXGroup;
			children = (
				D06FB21C20C5935400C9F204 /* Message.swift */,
				D0D1636220CED7F7008E81B0 /* Users.swift */,
				D069D1EE20F9ECCE00641C51 /* Contact.swift */,
			);
			path = Model;
			sourceTree = "<group>";
		};
		D0D1636620D25A09008E81B0 /* Addition */ = {
			isa = PBXGroup;
			children = (
				D0D1636720D25A1D008E81B0 /* Extension.swift */,
			);
			path = Addition;
			sourceTree = "<group>";
		};
		D0D3FEF520D4D72200995147 /* Layout */ = {
			isa = PBXGroup;
			children = (
				D0D3FEF620D4D75E00995147 /* UserCell.swift */,
				D0B6BB8220D88F83001A74C4 /* ChatMessageCell.swift */,
			);
			path = Layout;
			sourceTree = "<group>";
		};
		FBE7FDBD7A0A6E64A2C7C4CE /* Pods */ = {
			isa = PBXGroup;
			children = (
				560040190D46E8F25CA67C76 /* Pods-Suup.debug.xcconfig */,
				842795693ABD87C851D49E7F /* Pods-Suup.release.xcconfig */,
			);
			name = Pods;
			sourceTree = "<group>";
		};
/* End PBXGroup section */

/* Begin PBXNativeTarget section */
		D04F35AD20B672230055617D /* Suup */ = {
			isa = PBXNativeTarget;
			buildConfigurationList = D04F35C020B672260055617D /* Build configuration list for PBXNativeTarget "Suup" */;
			buildPhases = (
				7CA2E8B0D50A49B2D9948899 /* [CP] Check Pods Manifest.lock */,
				D04F35AA20B672230055617D /* Sources */,
				D04F35AB20B672230055617D /* Frameworks */,
				D04F35AC20B672230055617D /* Resources */,
				95EC2C3BD16D8878D892918F /* [CP] Embed Pods Frameworks */,
			);
			buildRules = (
			);
			dependencies = (
			);
			name = Suup;
			productName = Suup;
			productReference = D04F35AE20B672230055617D /* Suup.app */;
			productType = "com.apple.product-type.application";
		};
/* End PBXNativeTarget section */

/* Begin PBXProject section */
		D04F35A620B672230055617D /* Project object */ = {
			isa = PBXProject;
			attributes = {
				LastSwiftUpdateCheck = 0930;
				LastUpgradeCheck = 0930;
				ORGANIZATIONNAME = Development;
				TargetAttributes = {
					D04F35AD20B672230055617D = {
						CreatedOnToolsVersion = 9.3.1;
						SystemCapabilities = {
							com.apple.BackgroundModes = {
								enabled = 1;
							};
							com.apple.Push = {
								enabled = 1;
							};
						};
					};
				};
			};
			buildConfigurationList = D04F35A920B672230055617D /* Build configuration list for PBXProject "Suup" */;
			compatibilityVersion = "Xcode 9.3";
			developmentRegion = en;
			hasScannedForEncodings = 0;
			knownRegions = (
				en,
				Base,
			);
			mainGroup = D04F35A520B672230055617D;
			productRefGroup = D04F35AF20B672230055617D /* Products */;
			projectDirPath = "";
			projectRoot = "";
			targets = (
				D04F35AD20B672230055617D /* Suup */,
			);
		};
/* End PBXProject section */

/* Begin PBXResourcesBuildPhase section */
		D04F35AC20B672230055617D /* Resources */ = {
			isa = PBXResourcesBuildPhase;
			buildActionMask = 2147483647;
			files = (
				D04F35BC20B672260055617D /* LaunchScreen.storyboard in Resources */,
				D05F716A20B6E4B900A22E59 /* GoogleService-Info.plist in Resources */,
				D04F35B920B672260055617D /* Assets.xcassets in Resources */,
				D06FB21B20C41E5F00C9F204 /* CustomMessageCell.xib in Resources */,
				D04F35B720B672230055617D /* Main.storyboard in Resources */,
			);
			runOnlyForDeploymentPostprocessing = 0;
		};
/* End PBXResourcesBuildPhase section */

/* Begin PBXShellScriptBuildPhase section */
		7CA2E8B0D50A49B2D9948899 /* [CP] Check Pods Manifest.lock */ = {
			isa = PBXShellScriptBuildPhase;
			buildActionMask = 2147483647;
			files = (
			);
			inputPaths = (
				"${PODS_PODFILE_DIR_PATH}/Podfile.lock",
				"${PODS_ROOT}/Manifest.lock",
			);
			name = "[CP] Check Pods Manifest.lock";
			outputPaths = (
				"$(DERIVED_FILE_DIR)/Pods-Suup-checkManifestLockResult.txt",
			);
			runOnlyForDeploymentPostprocessing = 0;
			shellPath = /bin/sh;
			shellScript = "diff \"${PODS_PODFILE_DIR_PATH}/Podfile.lock\" \"${PODS_ROOT}/Manifest.lock\" > /dev/null\nif [ $? != 0 ] ; then\n    # print error to STDERR\n    echo \"error: The sandbox is not in sync with the Podfile.lock. Run 'pod install' or update your CocoaPods installation.\" >&2\n    exit 1\nfi\n# This output is used by Xcode 'outputs' to avoid re-running this script phase.\necho \"SUCCESS\" > \"${SCRIPT_OUTPUT_FILE_0}\"\n";
			showEnvVarsInLog = 0;
		};
		95EC2C3BD16D8878D892918F /* [CP] Embed Pods Frameworks */ = {
			isa = PBXShellScriptBuildPhase;
			buildActionMask = 2147483647;
			files = (
			);
			inputPaths = (
				"${SRCROOT}/Pods/Target Support Files/Pods-Suup/Pods-Suup-frameworks.sh",
				"${BUILT_PRODUCTS_DIR}/ChameleonFramework/ChameleonFramework.framework",
				"${BUILT_PRODUCTS_DIR}/GTMSessionFetcher/GTMSessionFetcher.framework",
				"${BUILT_PRODUCTS_DIR}/GoogleToolboxForMac/GoogleToolboxForMac.framework",
				"${BUILT_PRODUCTS_DIR}/Protobuf/Protobuf.framework",
				"${BUILT_PRODUCTS_DIR}/SVProgressHUD/SVProgressHUD.framework",
				"${BUILT_PRODUCTS_DIR}/leveldb-library/leveldb.framework",
				"${BUILT_PRODUCTS_DIR}/nanopb/nanopb.framework",
			);
			name = "[CP] Embed Pods Frameworks";
			outputPaths = (
				"${TARGET_BUILD_DIR}/${FRAMEWORKS_FOLDER_PATH}/ChameleonFramework.framework",
				"${TARGET_BUILD_DIR}/${FRAMEWORKS_FOLDER_PATH}/GTMSessionFetcher.framework",
				"${TARGET_BUILD_DIR}/${FRAMEWORKS_FOLDER_PATH}/GoogleToolboxForMac.framework",
				"${TARGET_BUILD_DIR}/${FRAMEWORKS_FOLDER_PATH}/Protobuf.framework",
				"${TARGET_BUILD_DIR}/${FRAMEWORKS_FOLDER_PATH}/SVProgressHUD.framework",
				"${TARGET_BUILD_DIR}/${FRAMEWORKS_FOLDER_PATH}/leveldb.framework",
				"${TARGET_BUILD_DIR}/${FRAMEWORKS_FOLDER_PATH}/nanopb.framework",
			);
			runOnlyForDeploymentPostprocessing = 0;
			shellPath = /bin/sh;
			shellScript = "\"${SRCROOT}/Pods/Target Support Files/Pods-Suup/Pods-Suup-frameworks.sh\"\n";
			showEnvVarsInLog = 0;
		};
/* End PBXShellScriptBuildPhase section */

/* Begin PBXSourcesBuildPhase section */
		D04F35AA20B672230055617D /* Sources */ = {
			isa = PBXSourcesBuildPhase;
			buildActionMask = 2147483647;
			files = (
				D069D1EF20F9ECCE00641C51 /* Contact.swift in Sources */,
				D0FB1FCF20CEC4230092C92A /* MessageController.swift in Sources */,
				D06FB21A20C41E5F00C9F204 /* CustomMessageCell.swift in Sources */,
				D01CE3BD20C01465001F7AC4 /* LoginViewController.swift in Sources */,
				D05F718020B7116900A22E59 /* StartViewController.swift in Sources */,
				D06FB21D20C5935400C9F204 /* Message.swift in Sources */,
				D0B6BB8320D88F83001A74C4 /* ChatMessageCell.swift in Sources */,
				D05F717A20B6EB6A00A22E59 /* VerificationViewController.swift in Sources */,
				D05F717C20B6EB7C00A22E59 /* PhoneAuthViewController.swift in Sources */,
				D0D1636520CFE2F1008E81B0 /* NewMessageViewController.swift in Sources */,
				D0D3FEF720D4D75E00995147 /* UserCell.swift in Sources */,
				D04F35B220B672230055617D /* AppDelegate.swift in Sources */,
				D0D1636820D25A1D008E81B0 /* Extension.swift in Sources */,
				D0D1636A20D3A02A008E81B0 /* ChatLogController.swift in Sources */,
				D0AD0BE520C2BDB300E35427 /* ProfileViewController.swift in Sources */,
				D05F718220B7142200A22E59 /* ChatViewController.swift in Sources */,
				D0381C2B20F7436100BBB21B /* AudioRecord.swift in Sources */,
				D0D1636320CED7F7008E81B0 /* Users.swift in Sources */,
			);
			runOnlyForDeploymentPostprocessing = 0;
		};
/* End PBXSourcesBuildPhase section */

/* Begin PBXVariantGroup section */
		D04F35B520B672230055617D /* Main.storyboard */ = {
			isa = PBXVariantGroup;
			children = (
				D04F35B620B672230055617D /* Base */,
			);
			name = Main.storyboard;
			sourceTree = "<group>";
		};
		D04F35BA20B672260055617D /* LaunchScreen.storyboard */ = {
			isa = PBXVariantGroup;
			children = (
				D04F35BB20B672260055617D /* Base */,
			);
			name = LaunchScreen.storyboard;
			sourceTree = "<group>";
		};
/* End PBXVariantGroup section */

/* Begin XCBuildConfiguration section */
		D04F35BE20B672260055617D /* Debug */ = {
			isa = XCBuildConfiguration;
			buildSettings = {
				ALWAYS_SEARCH_USER_PATHS = NO;
				CLANG_ANALYZER_NONNULL = YES;
				CLANG_ANALYZER_NUMBER_OBJECT_CONVERSION = YES_AGGRESSIVE;
				CLANG_CXX_LANGUAGE_STANDARD = "gnu++14";
				CLANG_CXX_LIBRARY = "libc++";
				CLANG_ENABLE_MODULES = YES;
				CLANG_ENABLE_OBJC_ARC = YES;
				CLANG_ENABLE_OBJC_WEAK = YES;
				CLANG_WARN_BLOCK_CAPTURE_AUTORELEASING = YES;
				CLANG_WARN_BOOL_CONVERSION = YES;
				CLANG_WARN_COMMA = YES;
				CLANG_WARN_CONSTANT_CONVERSION = YES;
				CLANG_WARN_DEPRECATED_OBJC_IMPLEMENTATIONS = YES;
				CLANG_WARN_DIRECT_OBJC_ISA_USAGE = YES_ERROR;
				CLANG_WARN_DOCUMENTATION_COMMENTS = YES;
				CLANG_WARN_EMPTY_BODY = YES;
				CLANG_WARN_ENUM_CONVERSION = YES;
				CLANG_WARN_INFINITE_RECURSION = YES;
				CLANG_WARN_INT_CONVERSION = YES;
				CLANG_WARN_NON_LITERAL_NULL_CONVERSION = YES;
				CLANG_WARN_OBJC_IMPLICIT_RETAIN_SELF = YES;
				CLANG_WARN_OBJC_LITERAL_CONVERSION = YES;
				CLANG_WARN_OBJC_ROOT_CLASS = YES_ERROR;
				CLANG_WARN_RANGE_LOOP_ANALYSIS = YES;
				CLANG_WARN_STRICT_PROTOTYPES = YES;
				CLANG_WARN_SUSPICIOUS_MOVE = YES;
				CLANG_WARN_UNGUARDED_AVAILABILITY = YES_AGGRESSIVE;
				CLANG_WARN_UNREACHABLE_CODE = YES;
				CLANG_WARN__DUPLICATE_METHOD_MATCH = YES;
				CODE_SIGN_IDENTITY = "iPhone Developer";
				COPY_PHASE_STRIP = NO;
				DEBUG_INFORMATION_FORMAT = dwarf;
				ENABLE_STRICT_OBJC_MSGSEND = YES;
				ENABLE_TESTABILITY = YES;
				GCC_C_LANGUAGE_STANDARD = gnu11;
				GCC_DYNAMIC_NO_PIC = NO;
				GCC_NO_COMMON_BLOCKS = YES;
				GCC_OPTIMIZATION_LEVEL = 0;
				GCC_PREPROCESSOR_DEFINITIONS = (
					"DEBUG=1",
					"$(inherited)",
				);
				GCC_WARN_64_TO_32_BIT_CONVERSION = YES;
				GCC_WARN_ABOUT_RETURN_TYPE = YES_ERROR;
				GCC_WARN_UNDECLARED_SELECTOR = YES;
				GCC_WARN_UNINITIALIZED_AUTOS = YES_AGGRESSIVE;
				GCC_WARN_UNUSED_FUNCTION = YES;
				GCC_WARN_UNUSED_VARIABLE = YES;
				IPHONEOS_DEPLOYMENT_TARGET = 11.3;
				MTL_ENABLE_DEBUG_INFO = YES;
				ONLY_ACTIVE_ARCH = YES;
				SDKROOT = iphoneos;
				SWIFT_ACTIVE_COMPILATION_CONDITIONS = DEBUG;
				SWIFT_OPTIMIZATION_LEVEL = "-Onone";
			};
			name = Debug;
		};
		D04F35BF20B672260055617D /* Release */ = {
			isa = XCBuildConfiguration;
			buildSettings = {
				ALWAYS_SEARCH_USER_PATHS = NO;
				CLANG_ANALYZER_NONNULL = YES;
				CLANG_ANALYZER_NUMBER_OBJECT_CONVERSION = YES_AGGRESSIVE;
				CLANG_CXX_LANGUAGE_STANDARD = "gnu++14";
				CLANG_CXX_LIBRARY = "libc++";
				CLANG_ENABLE_MODULES = YES;
				CLANG_ENABLE_OBJC_ARC = YES;
				CLANG_ENABLE_OBJC_WEAK = YES;
				CLANG_WARN_BLOCK_CAPTURE_AUTORELEASING = YES;
				CLANG_WARN_BOOL_CONVERSION = YES;
				CLANG_WARN_COMMA = YES;
				CLANG_WARN_CONSTANT_CONVERSION = YES;
				CLANG_WARN_DEPRECATED_OBJC_IMPLEMENTATIONS = YES;
				CLANG_WARN_DIRECT_OBJC_ISA_USAGE = YES_ERROR;
				CLANG_WARN_DOCUMENTATION_COMMENTS = YES;
				CLANG_WARN_EMPTY_BODY = YES;
				CLANG_WARN_ENUM_CONVERSION = YES;
				CLANG_WARN_INFINITE_RECURSION = YES;
				CLANG_WARN_INT_CONVERSION = YES;
				CLANG_WARN_NON_LITERAL_NULL_CONVERSION = YES;
				CLANG_WARN_OBJC_IMPLICIT_RETAIN_SELF = YES;
				CLANG_WARN_OBJC_LITERAL_CONVERSION = YES;
				CLANG_WARN_OBJC_ROOT_CLASS = YES_ERROR;
				CLANG_WARN_RANGE_LOOP_ANALYSIS = YES;
				CLANG_WARN_STRICT_PROTOTYPES = YES;
				CLANG_WARN_SUSPICIOUS_MOVE = YES;
				CLANG_WARN_UNGUARDED_AVAILABILITY = YES_AGGRESSIVE;
				CLANG_WARN_UNREACHABLE_CODE = YES;
				CLANG_WARN__DUPLICATE_METHOD_MATCH = YES;
				CODE_SIGN_IDENTITY = "iPhone Developer";
				COPY_PHASE_STRIP = NO;
				DEBUG_INFORMATION_FORMAT = "dwarf-with-dsym";
				ENABLE_NS_ASSERTIONS = NO;
				ENABLE_STRICT_OBJC_MSGSEND = YES;
				GCC_C_LANGUAGE_STANDARD = gnu11;
				GCC_NO_COMMON_BLOCKS = YES;
				GCC_WARN_64_TO_32_BIT_CONVERSION = YES;
				GCC_WARN_ABOUT_RETURN_TYPE = YES_ERROR;
				GCC_WARN_UNDECLARED_SELECTOR = YES;
				GCC_WARN_UNINITIALIZED_AUTOS = YES_AGGRESSIVE;
				GCC_WARN_UNUSED_FUNCTION = YES;
				GCC_WARN_UNUSED_VARIABLE = YES;
				IPHONEOS_DEPLOYMENT_TARGET = 11.3;
				MTL_ENABLE_DEBUG_INFO = NO;
				SDKROOT = iphoneos;
				SWIFT_COMPILATION_MODE = wholemodule;
				SWIFT_OPTIMIZATION_LEVEL = "-O";
				VALIDATE_PRODUCT = YES;
			};
			name = Release;
		};
		D04F35C120B672260055617D /* Debug */ = {
			isa = XCBuildConfiguration;
			baseConfigurationReference = 560040190D46E8F25CA67C76 /* Pods-Suup.debug.xcconfig */;
			buildSettings = {
				ASSETCATALOG_COMPILER_APPICON_NAME = AppIcon;
				CODE_SIGN_ENTITLEMENTS = Suup/Suup.entitlements;
				CODE_SIGN_IDENTITY = "iPhone Developer";
				CODE_SIGN_STYLE = Automatic;
				DEVELOPMENT_TEAM = Z454JJQAC4;
				INFOPLIST_FILE = Suup/Info.plist;
				IPHONEOS_DEPLOYMENT_TARGET = 10.0;
				LD_RUNPATH_SEARCH_PATHS = (
					"$(inherited)",
					"@executable_path/Frameworks",
				);
				PRODUCT_BUNDLE_IDENTIFIER = com.codeaamy.Suup;
				PRODUCT_NAME = "$(TARGET_NAME)";
				PROVISIONING_PROFILE_SPECIFIER = "";
				SWIFT_VERSION = 4.0;
				TARGETED_DEVICE_FAMILY = "1,2";
			};
			name = Debug;
		};
		D04F35C220B672260055617D /* Release */ = {
			isa = XCBuildConfiguration;
			baseConfigurationReference = 842795693ABD87C851D49E7F /* Pods-Suup.release.xcconfig */;
			buildSettings = {
				ASSETCATALOG_COMPILER_APPICON_NAME = AppIcon;
				CODE_SIGN_ENTITLEMENTS = Suup/Suup.entitlements;
				CODE_SIGN_IDENTITY = "iPhone Developer";
				CODE_SIGN_STYLE = Automatic;
				DEVELOPMENT_TEAM = Z454JJQAC4;
				INFOPLIST_FILE = Suup/Info.plist;
				IPHONEOS_DEPLOYMENT_TARGET = 10.0;
				LD_RUNPATH_SEARCH_PATHS = (
					"$(inherited)",
					"@executable_path/Frameworks",
				);
				PRODUCT_BUNDLE_IDENTIFIER = com.codeaamy.Suup;
				PRODUCT_NAME = "$(TARGET_NAME)";
				PROVISIONING_PROFILE_SPECIFIER = "";
				SWIFT_VERSION = 4.0;
				TARGETED_DEVICE_FAMILY = "1,2";
			};
			name = Release;
		};
/* End XCBuildConfiguration section */

/* Begin XCConfigurationList section */
		D04F35A920B672230055617D /* Build configuration list for PBXProject "Suup" */ = {
			isa = XCConfigurationList;
			buildConfigurations = (
				D04F35BE20B672260055617D /* Debug */,
				D04F35BF20B672260055617D /* Release */,
			);
			defaultConfigurationIsVisible = 0;
			defaultConfigurationName = Release;
		};
		D04F35C020B672260055617D /* Build configuration list for PBXNativeTarget "Suup" */ = {
			isa = XCConfigurationList;
			buildConfigurations = (
				D04F35C120B672260055617D /* Debug */,
				D04F35C220B672260055617D /* Release */,
			);
			defaultConfigurationIsVisible = 0;
			defaultConfigurationName = Release;
		};
/* End XCConfigurationList section */
	};
	rootObject = D04F35A620B672230055617D /* Project object */;
}
